
Microsoft Visual Studio Solution File, Format Version 12.00
# Visual Studio 15
VisualStudioVersion = 15.0.28307.705
MinimumVisualStudioVersion = 10.0.40219.1
Project("{FAE04EC0-301F-11D3-BF4B-00C04F79EFBC}") = "Vidly", "Vidly\Vidly.csproj", "{08B18E7D-63E7-4337-B5AE-12C8CF64BF24}"
EndProject
Global
	GlobalSection(SolutionConfigurationPlatforms) = preSolution
		Debug|Any CPU = Debug|Any CPU
		Release|Any CPU = Release|Any CPU
	EndGlobalSection
	GlobalSection(ProjectConfigurationPlatforms) = postSolution
		{08B18E7D-63E7-4337-B5AE-12C8CF64BF24}.Debug|Any CPU.ActiveCfg = Debug|Any CPU
		{08B18E7D-63E7-4337-B5AE-12C8CF64BF24}.Debug|Any CPU.Build.0 = Debug|Any CPU
		{08B18E7D-63E7-4337-B5AE-12C8CF64BF24}.Release|Any CPU.ActiveCfg = Release|Any CPU
		{08B18E7D-63E7-4337-B5AE-12C8CF64BF24}.Release|Any CPU.Build.0 = Release|Any CPU
	EndGlobalSection
	GlobalSection(SolutionProperties) = preSolution
		HideSolutionNode = FALSE
	EndGlobalSection
	GlobalSection(ExtensibilityGlobals) = postSolution
		SolutionGuid = {1FE8B625-2D57-43EF-9562-3F8E4F8F783D}
	EndGlobalSection
EndGlobal
